// !$*UTF8*$!
{
	archiveVersion = 1;
	classes = {
	};
	objectVersion = 50;
	objects = {

/* Begin PBXBuildFile section */
		00C51ECB23372BC200ED92AC /* AppDelegate.m in Sources */ = {isa = PBXBuildFile; fileRef = 00C51ECA23372BC200ED92AC /* AppDelegate.m */; };
		00C51ECE23372BC200ED92AC /* ViewController.m in Sources */ = {isa = PBXBuildFile; fileRef = 00C51ECD23372BC200ED92AC /* ViewController.m */; };
		00C51ED123372BC200ED92AC /* Main.storyboard in Resources */ = {isa = PBXBuildFile; fileRef = 00C51ECF23372BC200ED92AC /* Main.storyboard */; };
		00C51ED323372BC500ED92AC /* Assets.xcassets in Resources */ = {isa = PBXBuildFile; fileRef = 00C51ED223372BC500ED92AC /* Assets.xcassets */; };
		00C51ED623372BC500ED92AC /* LaunchScreen.storyboard in Resources */ = {isa = PBXBuildFile; fileRef = 00C51ED423372BC500ED92AC /* LaunchScreen.storyboard */; };
		00C51ED923372BC500ED92AC /* main.m in Sources */ = {isa = PBXBuildFile; fileRef = 00C51ED823372BC500ED92AC /* main.m */; };
		9A0A589686DDCE892C97C53E /* Pods_testVideo.framework in Frameworks */ = {isa = PBXBuildFile; fileRef = F3A75B2399C46D5702481B19 /* Pods_testVideo.framework */; };
/* End PBXBuildFile section */

/* Begin PBXFileReference section */
		00C51EC623372BC200ED92AC /* testVideo.app */ = {isa = PBXFileReference; explicitFileType = wrapper.application; includeInIndex = 0; path = testVideo.app; sourceTree = BUILT_PRODUCTS_DIR; };
		00C51EC923372BC200ED92AC /* AppDelegate.h */ = {isa = PBXFileReference; lastKnownFileType = sourcecode.c.h; path = AppDelegate.h; sourceTree = "<group>"; };
		00C51ECA23372BC200ED92AC /* AppDelegate.m */ = {isa = PBXFileReference; lastKnownFileType = sourcecode.c.objc; path = AppDelegate.m; sourceTree = "<group>"; };
		00C51ECC23372BC200ED92AC /* ViewController.h */ = {isa = PBXFileReference; lastKnownFileType = sourcecode.c.h; path = ViewController.h; sourceTree = "<group>"; };
		00C51ECD23372BC200ED92AC /* ViewController.m */ = {isa = PBXFileReference; lastKnownFileType = sourcecode.c.objc; path = ViewController.m; sourceTree = "<group>"; };
		00C51ED023372BC200ED92AC /* Base */ = {isa = PBXFileReference; lastKnownFileType = file.storyboard; name = Base; path = Base.lproj/Main.storyboard; sourceTree = "<group>"; };
		00C51ED223372BC500ED92AC /* Assets.xcassets */ = {isa = PBXFileReference; lastKnownFileType = folder.assetcatalog; path = Assets.xcassets; sourceTree = "<group>"; };
		00C51ED523372BC500ED92AC /* Base */ = {isa = PBXFileReference; lastKnownFileType = file.storyboard; name = Base; path = Base.lproj/LaunchScreen.storyboard; sourceTree = "<group>"; };
		00C51ED723372BC500ED92AC /* Info.plist */ = {isa = PBXFileReference; lastKnownFileType = text.plist.xml; path = Info.plist; sourceTree = "<group>"; };
		00C51ED823372BC500ED92AC /* main.m */ = {isa = PBXFileReference; lastKnownFileType = sourcecode.c.objc; path = main.m; sourceTree = "<group>"; };
		A3CE0FD2E618E28949A0C2C7 /* Pods-testVideo.debug.xcconfig */ = {isa = PBXFileReference; includeInIndex = 1; lastKnownFileType = text.xcconfig; name = "Pods-testVideo.debug.xcconfig"; path = "Target Support Files/Pods-testVideo/Pods-testVideo.debug.xcconfig"; sourceTree = "<group>"; };
		F3A75B2399C46D5702481B19 /* Pods_testVideo.framework */ = {isa = PBXFileReference; explicitFileType = wrapper.framework; includeInIndex = 0; path = Pods_testVideo.framework; sourceTree = BUILT_PRODUCTS_DIR; };
		F6AD7C27D9CACBAA22FFA751 /* Pods-testVideo.release.xcconfig */ = {isa = PBXFileReference; includeInIndex = 1; lastKnownFileType = text.xcconfig; name = "Pods-testVideo.release.xcconfig"; path = "Target Support Files/Pods-testVideo/Pods-testVideo.release.xcconfig"; sourceTree = "<group>"; };
/* End PBXFileReference section */

/* Begin PBXFrameworksBuildPhase section */
		00C51EC323372BC200ED92AC /* Frameworks */ = {
			isa = PBXFrameworksBuildPhase;
			buildActionMask = 2147483647;
			files = (
				9A0A589686DDCE892C97C53E /* Pods_testVideo.framework in Frameworks */,
			);
			runOnlyForDeploymentPostprocessing = 0;
		};
/* End PBXFrameworksBuildPhase section */

/* Begin PBXGroup section */
		00C51EBD23372BC100ED92AC = {
			isa = PBXGroup;
			children = (
				00C51EC823372BC200ED92AC /* testVideo */,
				00C51EC723372BC200ED92AC /* Products */,
				AC10A81695E59C7697EE7075 /* Pods */,
				4023CAC07B03B20DD2369378 /* Frameworks */,
			);
			sourceTree = "<group>";
		};
		00C51EC723372BC200ED92AC /* Products */ = {
			isa = PBXGroup;
			children = (
				00C51EC623372BC200ED92AC /* testVideo.app */,
			);
			name = Products;
			sourceTree = "<group>";
		};
		00C51EC823372BC200ED92AC /* testVideo */ = {
			isa = PBXGroup;
			children = (
				00C51EC923372BC200ED92AC /* AppDelegate.h */,
				00C51ECA23372BC200ED92AC /* AppDelegate.m */,
				00C51ECC23372BC200ED92AC /* ViewController.h */,
				00C51ECD23372BC200ED92AC /* ViewController.m */,
				00C51ECF23372BC200ED92AC /* Main.storyboard */,
				00C51ED223372BC500ED92AC /* Assets.xcassets */,
				00C51ED423372BC500ED92AC /* LaunchScreen.storyboard */,
				00C51ED723372BC500ED92AC /* Info.plist */,
				00C51ED823372BC500ED92AC /* main.m */,
			);
			path = testVideo;
			sourceTree = "<group>";
		};
		4023CAC07B03B20DD2369378 /* Frameworks */ = {
			isa = PBXGroup;
			children = (
				F3A75B2399C46D5702481B19 /* Pods_testVideo.framework */,
			);
			name = Frameworks;
			sourceTree = "<group>";
		};
		AC10A81695E59C7697EE7075 /* Pods */ = {
			isa = PBXGroup;
			children = (
				A3CE0FD2E618E28949A0C2C7 /* Pods-testVideo.debug.xcconfig */,
				F6AD7C27D9CACBAA22FFA751 /* Pods-testVideo.release.xcconfig */,
			);
			name = Pods;
			path = Pods;
			sourceTree = "<group>";
		};
/* End PBXGroup section */

/* Begin PBXNativeTarget section */
		00C51EC523372BC200ED92AC /* testVideo */ = {
			isa = PBXNativeTarget;
			buildConfigurationList = 00C51EDC23372BC500ED92AC /* Build configuration list for PBXNativeTarget "testVideo" */;
			buildPhases = (
				E8833BB369F66F3527DCE8BC /* [CP] Check Pods Manifest.lock */,
				00C51EC223372BC200ED92AC /* Sources */,
				00C51EC323372BC200ED92AC /* Frameworks */,
				00C51EC423372BC200ED92AC /* Resources */,
			);
			buildRules = (
			);
			dependencies = (
			);
			name = testVideo;
			productName = testVideo;
			productReference = 00C51EC623372BC200ED92AC /* testVideo.app */;
			productType = "com.apple.product-type.application";
		};
/* End PBXNativeTarget section */

/* Begin PBXProject section */
		00C51EBE23372BC100ED92AC /* Project object */ = {
			isa = PBXProject;
			attributes = {
				LastUpgradeCheck = 1020;
				ORGANIZATIONNAME = edz;
				TargetAttributes = {
					00C51EC523372BC200ED92AC = {
						CreatedOnToolsVersion = 10.2.1;
					};
				};
			};
			buildConfigurationList = 00C51EC123372BC100ED92AC /* Build configuration list for PBXProject "testVideo" */;
			compatibilityVersion = "Xcode 9.3";
			developmentRegion = en;
			hasScannedForEncodings = 0;
			knownRegions = (
				en,
				Base,
			);
			mainGroup = 00C51EBD23372BC100ED92AC;
			productRefGroup = 00C51EC723372BC200ED92AC /* Products */;
			projectDirPath = "";
			projectRoot = "";
			targets = (
				00C51EC523372BC200ED92AC /* testVideo */,
			);
		};
/* End PBXProject section */

/* Begin PBXResourcesBuildPhase section */
		00C51EC423372BC200ED92AC /* Resources */ = {
			isa = PBXResourcesBuildPhase;
			buildActionMask = 2147483647;
			files = (
				00C51ED623372BC500ED92AC /* LaunchScreen.storyboard in Resources */,
				00C51ED323372BC500ED92AC /* Assets.xcassets in Resources */,
				00C51ED123372BC200ED92AC /* Main.storyboard in Resources */,
			);
			runOnlyForDeploymentPostprocessing = 0;
		};
/* End PBXResourcesBuildPhase section */

/* Begin PBXShellScriptBuildPhase section */
		E8833BB369F66F3527DCE8BC /* [CP] Check Pods Manifest.lock */ = {
			isa = PBXShellScriptBuildPhase;
			buildActionMask = 2147483647;
			files = (
			);
			inputFileListPaths = (
			);
			inputPaths = (
				"${PODS_PODFILE_DIR_PATH}/Podfile.lock",
				"${PODS_ROOT}/Manifest.lock",
			);
			name = "[CP] Check Pods Manifest.lock";
			outputFileListPaths = (
			);
			outputPaths = (
				"$(DERIVED_FILE_DIR)/Pods-testVideo-checkManifestLockResult.txt",
			);
			runOnlyForDeploymentPostprocessing = 0;
			shellPath = /bin/sh;
			shellScript = "diff \"${PODS_PODFILE_DIR_PATH}/Podfile.lock\" \"${PODS_ROOT}/Manifest.lock\" > /dev/null\nif [ $? != 0 ] ; then\n    # print error to STDERR\n    echo \"error: The sandbox is not in sync with the Podfile.lock. Run 'pod install' or update your CocoaPods installation.\" >&2\n    exit 1\nfi\n# This output is used by Xcode 'outputs' to avoid re-running this script phase.\necho \"SUCCESS\" > \"${SCRIPT_OUTPUT_FILE_0}\"\n";
			showEnvVarsInLog = 0;
		};
/* End PBXShellScriptBuildPhase section */

/* Begin PBXSourcesBuildPhase section */
		00C51EC223372BC200ED92AC /* Sources */ = {
			isa = PBXSourcesBuildPhase;
			buildActionMask = 2147483647;
			files = (
				00C51ECE23372BC200ED92AC /* ViewController.m in Sources */,
				00C51ED923372BC500ED92AC /* main.m in Sources */,
				00C51ECB23372BC200ED92AC /* AppDelegate.m in Sources */,
			);
			runOnlyForDeploymentPostprocessing = 0;
		};
/* End PBXSourcesBuildPhase section */

/* Begin PBXVariantGroup section */
		00C51ECF23372BC200ED92AC /* Main.storyboard */ = {
			isa = PBXVariantGroup;
			children = (
				00C51ED023372BC200ED92AC /* Base */,
			);
			name = Main.storyboard;
			sourceTree = "<group>";
		};
		00C51ED423372BC500ED92AC /* LaunchScreen.storyboard */ = {
			isa = PBXVariantGroup;
			children = (
				00C51ED523372BC500ED92AC /* Base */,
			);
			name = LaunchScreen.storyboard;
			sourceTree = "<group>";
		};
/* End PBXVariantGroup section */

/* Begin XCBuildConfiguration section */
		00C51EDA23372BC500ED92AC /* Debug */ = {
			isa = XCBuildConfiguration;
			buildSettings = {
				ALWAYS_SEARCH_USER_PATHS = NO;
				CLANG_ANALYZER_NONNULL = YES;
				CLANG_ANALYZER_NUMBER_OBJECT_CONVERSION = YES_AGGRESSIVE;
				CLANG_CXX_LANGUAGE_STANDARD = "gnu++14";
				CLANG_CXX_LIBRARY = "libc++";
				CLANG_ENABLE_MODULES = YES;
				CLANG_ENABLE_OBJC_ARC = YES;
				CLANG_ENABLE_OBJC_WEAK = YES;
				CLANG_WARN_BLOCK_CAPTURE_AUTORELEASING = YES;
				CLANG_WARN_BOOL_CONVERSION = YES;
				CLANG_WARN_COMMA = YES;
				CLANG_WARN_CONSTANT_CONVERSION = YES;
				CLANG_WARN_DEPRECATED_OBJC_IMPLEMENTATIONS = YES;
				CLANG_WARN_DIRECT_OBJC_ISA_USAGE = YES_ERROR;
				CLANG_WARN_DOCUMENTATION_COMMENTS = YES;
				CLANG_WARN_EMPTY_BODY = YES;
				CLANG_WARN_ENUM_CONVERSION = YES;
				CLANG_WARN_INFINITE_RECURSION = YES;
				CLANG_WARN_INT_CONVERSION = YES;
				CLANG_WARN_NON_LITERAL_NULL_CONVERSION = YES;
				CLANG_WARN_OBJC_IMPLICIT_RETAIN_SELF = YES;
				CLANG_WARN_OBJC_LITERAL_CONVERSION = YES;
				CLANG_WARN_OBJC_ROOT_CLASS = YES_ERROR;
				CLANG_WARN_RANGE_LOOP_ANALYSIS = YES;
				CLANG_WARN_STRICT_PROTOTYPES = YES;
				CLANG_WARN_SUSPICIOUS_MOVE = YES;
				CLANG_WARN_UNGUARDED_AVAILABILITY = YES_AGGRESSIVE;
				CLANG_WARN_UNREACHABLE_CODE = YES;
				CLANG_WARN__DUPLICATE_METHOD_MATCH = YES;
				CODE_SIGN_IDENTITY = "iPhone Developer";
				COPY_PHASE_STRIP = NO;
				DEBUG_INFORMATION_FORMAT = dwarf;
				ENABLE_STRICT_OBJC_MSGSEND = YES;
				ENABLE_TESTABILITY = YES;
				GCC_C_LANGUAGE_STANDARD = gnu11;
				GCC_DYNAMIC_NO_PIC = NO;
				GCC_NO_COMMON_BLOCKS = YES;
				GCC_OPTIMIZATION_LEVEL = 0;
				GCC_PREPROCESSOR_DEFINITIONS = (
					"DEBUG=1",
					"$(inherited)",
				);
				GCC_WARN_64_TO_32_BIT_CONVERSION = YES;
				GCC_WARN_ABOUT_RETURN_TYPE = YES_ERROR;
				GCC_WARN_UNDECLARED_SELECTOR = YES;
				GCC_WARN_UNINITIALIZED_AUTOS = YES_AGGRESSIVE;
				GCC_WARN_UNUSED_FUNCTION = YES;
				GCC_WARN_UNUSED_VARIABLE = YES;
				IPHONEOS_DEPLOYMENT_TARGET = 12.2;
				MTL_ENABLE_DEBUG_INFO = INCLUDE_SOURCE;
				MTL_FAST_MATH = YES;
				ONLY_ACTIVE_ARCH = YES;
				SDKROOT = iphoneos;
			};
			name = Debug;
		};
		00C51EDB23372BC500ED92AC /* Release */ = {
			isa = XCBuildConfiguration;
			buildSettings = {
				ALWAYS_SEARCH_USER_PATHS = NO;
				CLANG_ANALYZER_NONNULL = YES;
				CLANG_ANALYZER_NUMBER_OBJECT_CONVERSION = YES_AGGRESSIVE;
				CLANG_CXX_LANGUAGE_STANDARD = "gnu++14";
				CLANG_CXX_LIBRARY = "libc++";
				CLANG_ENABLE_MODULES = YES;
				CLANG_ENABLE_OBJC_ARC = YES;
				CLANG_ENABLE_OBJC_WEAK = YES;
				CLANG_WARN_BLOCK_CAPTURE_AUTORELEASING = YES;
				CLANG_WARN_BOOL_CONVERSION = YES;
				CLANG_WARN_COMMA = YES;
				CLANG_WARN_CONSTANT_CONVERSION = YES;
				CLANG_WARN_DEPRECATED_OBJC_IMPLEMENTATIONS = YES;
				CLANG_WARN_DIRECT_OBJC_ISA_USAGE = YES_ERROR;
				CLANG_WARN_DOCUMENTATION_COMMENTS = YES;
				CLANG_WARN_EMPTY_BODY = YES;
				CLANG_WARN_ENUM_CONVERSION = YES;
				CLANG_WARN_INFINITE_RECURSION = YES;
				CLANG_WARN_INT_CONVERSION = YES;
				CLANG_WARN_NON_LITERAL_NULL_CONVERSION = YES;
				CLANG_WARN_OBJC_IMPLICIT_RETAIN_SELF = YES;
				CLANG_WARN_OBJC_LITERAL_CONVERSION = YES;
				CLANG_WARN_OBJC_ROOT_CLASS = YES_ERROR;
				CLANG_WARN_RANGE_LOOP_ANALYSIS = YES;
				CLANG_WARN_STRICT_PROTOTYPES = YES;
				CLANG_WARN_SUSPICIOUS_MOVE = YES;
				CLANG_WARN_UNGUARDED_AVAILABILITY = YES_AGGRESSIVE;
				CLANG_WARN_UNREACHABLE_CODE = YES;
				CLANG_WARN__DUPLICATE_METHOD_MATCH = YES;
				CODE_SIGN_IDENTITY = "iPhone Developer";
				COPY_PHASE_STRIP = NO;
				DEBUG_INFORMATION_FORMAT = "dwarf-with-dsym";
				ENABLE_NS_ASSERTIONS = NO;
				ENABLE_STRICT_OBJC_MSGSEND = YES;
				GCC_C_LANGUAGE_STANDARD = gnu11;
				GCC_NO_COMMON_BLOCKS = YES;
				GCC_WARN_64_TO_32_BIT_CONVERSION = YES;
				GCC_WARN_ABOUT_RETURN_TYPE = YES_ERROR;
				GCC_WARN_UNDECLARED_SELECTOR = YES;
				GCC_WARN_UNINITIALIZED_AUTOS = YES_AGGRESSIVE;
				GCC_WARN_UNUSED_FUNCTION = YES;
				GCC_WARN_UNUSED_VARIABLE = YES;
				IPHONEOS_DEPLOYMENT_TARGET = 12.2;
				MTL_ENABLE_DEBUG_INFO = NO;
				MTL_FAST_MATH = YES;
				SDKROOT = iphoneos;
				VALIDATE_PRODUCT = YES;
			};
			name = Release;
		};
		00C51EDD23372BC500ED92AC /* Debug */ = {
			isa = XCBuildConfiguration;
			baseConfigurationReference = A3CE0FD2E618E28949A0C2C7 /* Pods-testVideo.debug.xcconfig */;
			buildSettings = {
				ASSETCATALOG_COMPILER_APPICON_NAME = AppIcon;
				CODE_SIGN_STYLE = Automatic;
				INFOPLIST_FILE = testVideo/Info.plist;
				LD_RUNPATH_SEARCH_PATHS = (
					"$(inherited)",
					"@executable_path/Frameworks",
				);
				PRODUCT_BUNDLE_IDENTIFIER = "-.testVideo";
				PRODUCT_NAME = "$(TARGET_NAME)";
				TARGETED_DEVICE_FAMILY = "1,2";
			};
			name = Debug;
		};
		00C51EDE23372BC500ED92AC /* Release */ = {
			isa = XCBuildConfiguration;
			baseConfigurationReference = F6AD7C27D9CACBAA22FFA751 /* Pods-testVideo.release.xcconfig */;
			buildSettings = {
				ASSETCATALOG_COMPILER_APPICON_NAME = AppIcon;
				CODE_SIGN_STYLE = Automatic;
				INFOPLIST_FILE = testVideo/Info.plist;
				LD_RUNPATH_SEARCH_PATHS = (
					"$(inherited)",
					"@executable_path/Frameworks",
				);
				PRODUCT_BUNDLE_IDENTIFIER = "-.testVideo";
				PRODUCT_NAME = "$(TARGET_NAME)";
				TARGETED_DEVICE_FAMILY = "1,2";
			};
			name = Release;
		};
/* End XCBuildConfiguration section */

/* Begin XCConfigurationList section */
		00C51EC123372BC100ED92AC /* Build configuration list for PBXProject "testVideo" */ = {
			isa = XCConfigurationList;
			buildConfigurations = (
				00C51EDA23372BC500ED92AC /* Debug */,
				00C51EDB23372BC500ED92AC /* Release */,
			);
			defaultConfigurationIsVisible = 0;
			defaultConfigurationName = Release;
		};
		00C51EDC23372BC500ED92AC /* Build configuration list for PBXNativeTarget "testVideo" */ = {
			isa = XCConfigurationList;
			buildConfigurations = (
				00C51EDD23372BC500ED92AC /* Debug */,
				00C51EDE23372BC500ED92AC /* Release */,
			);
			defaultConfigurationIsVisible = 0;
			defaultConfigurationName = Release;
		};
/* End XCConfigurationList section */
	};
	rootObject = 00C51EBE23372BC100ED92AC /* Project object */;
}
