// !$*UTF8*$!
{
	archiveVersion = 1;
	classes = {
	};
	objectVersion = 51;
	objects = {

/* Begin PBXBuildFile section */
		00002803236843FA005A5F6C /* DemoNavigationController.swift in Sources */ = {isa = PBXBuildFile; fileRef = 00002802236843FA005A5F6C /* DemoNavigationController.swift */; };
		0000280B23684652005A5F6C /* Global.swift in Sources */ = {isa = PBXBuildFile; fileRef = 0000280A23684652005A5F6C /* Global.swift */; };
		0000280D236848DC005A5F6C /* demo3TableViewCell.swift in Sources */ = {isa = PBXBuildFile; fileRef = 0000280C236848DC005A5F6C /* demo3TableViewCell.swift */; };
		00002810236859EE005A5F6C /* HomeApi.swift in Sources */ = {isa = PBXBuildFile; fileRef = 0000280F236859EE005A5F6C /* HomeApi.swift */; };
		0000281223685D64005A5F6C /* haohaozhuCollectionCell.swift in Sources */ = {isa = PBXBuildFile; fileRef = 0000281123685D64005A5F6C /* haohaozhuCollectionCell.swift */; };
		0005B11F2301811C00D15AAE /* AppDelegate.swift in Sources */ = {isa = PBXBuildFile; fileRef = 0005B11E2301811C00D15AAE /* AppDelegate.swift */; };
		0005B1212301811C00D15AAE /* ViewController.swift in Sources */ = {isa = PBXBuildFile; fileRef = 0005B1202301811C00D15AAE /* ViewController.swift */; };
		0005B1242301811C00D15AAE /* Main.storyboard in Resources */ = {isa = PBXBuildFile; fileRef = 0005B1222301811C00D15AAE /* Main.storyboard */; };
		0005B1262301811D00D15AAE /* Assets.xcassets in Resources */ = {isa = PBXBuildFile; fileRef = 0005B1252301811D00D15AAE /* Assets.xcassets */; };
		0005B1292301811D00D15AAE /* LaunchScreen.storyboard in Resources */ = {isa = PBXBuildFile; fileRef = 0005B1272301811D00D15AAE /* LaunchScreen.storyboard */; };
		0005B132230183ED00D15AAE /* Const.swift in Sources */ = {isa = PBXBuildFile; fileRef = 0005B131230183ED00D15AAE /* Const.swift */; };
		0005B13523018FBC00D15AAE /* demo1ViewControl.swift in Sources */ = {isa = PBXBuildFile; fileRef = 0005B13423018FBC00D15AAE /* demo1ViewControl.swift */; };
		000D154123C4656000D989F4 /* HomeApiModel.swift in Sources */ = {isa = PBXBuildFile; fileRef = 000D154023C4656000D989F4 /* HomeApiModel.swift */; };
		000D154323C4687200D989F4 /* NSData+Extension.swift in Sources */ = {isa = PBXBuildFile; fileRef = 000D154223C4687200D989F4 /* NSData+Extension.swift */; };
		000D154A23C579B600D989F4 /* Moya+Extension.swift in Sources */ = {isa = PBXBuildFile; fileRef = 000D154923C579B600D989F4 /* Moya+Extension.swift */; };
		00139B102375710D005B0BF0 /* HomeBannerCell.swift in Sources */ = {isa = PBXBuildFile; fileRef = 00139B0F2375710D005B0BF0 /* HomeBannerCell.swift */; };
		00139B1223757676005B0BF0 /* HomeThreeButtonCell.swift in Sources */ = {isa = PBXBuildFile; fileRef = 00139B1123757676005B0BF0 /* HomeThreeButtonCell.swift */; };
		00227B26239E384F001C85F8 /* demo11ViewControl.swift in Sources */ = {isa = PBXBuildFile; fileRef = 00227B25239E384F001C85F8 /* demo11ViewControl.swift */; };
		00227B28239E3858001C85F8 /* demo12ViewControl.swift in Sources */ = {isa = PBXBuildFile; fileRef = 00227B27239E3858001C85F8 /* demo12ViewControl.swift */; };
		00227B2A239E3866001C85F8 /* demo13ViewControl.swift in Sources */ = {isa = PBXBuildFile; fileRef = 00227B29239E3866001C85F8 /* demo13ViewControl.swift */; };
		00227B2C239E3870001C85F8 /* demo14ViewControl.swift in Sources */ = {isa = PBXBuildFile; fileRef = 00227B2B239E3870001C85F8 /* demo14ViewControl.swift */; };
		0037AEBD23B4AF87000EDB20 /* demo15ViewControl.swift in Sources */ = {isa = PBXBuildFile; fileRef = 0037AEBC23B4AF87000EDB20 /* demo15ViewControl.swift */; };
		0037AEBF23B4AF95000EDB20 /* demo16ViewControl.swift in Sources */ = {isa = PBXBuildFile; fileRef = 0037AEBE23B4AF95000EDB20 /* demo16ViewControl.swift */; };
		0037AEC123B4AFA1000EDB20 /* demo17ViewControl.swift in Sources */ = {isa = PBXBuildFile; fileRef = 0037AEC023B4AFA1000EDB20 /* demo17ViewControl.swift */; };
		0037AEC323B4AFAC000EDB20 /* demo18ViewControl.swift in Sources */ = {isa = PBXBuildFile; fileRef = 0037AEC223B4AFAC000EDB20 /* demo18ViewControl.swift */; };
		0037AEC523B4AFC2000EDB20 /* demo19ViewControl.swift in Sources */ = {isa = PBXBuildFile; fileRef = 0037AEC423B4AFC2000EDB20 /* demo19ViewControl.swift */; };
		0037AEC723B4AFCD000EDB20 /* demo20ViewControl.swift in Sources */ = {isa = PBXBuildFile; fileRef = 0037AEC623B4AFCD000EDB20 /* demo20ViewControl.swift */; };
		005E07072383FD7200C68C10 /* Demo8Cell.swift in Sources */ = {isa = PBXBuildFile; fileRef = 005E07062383FD7200C68C10 /* Demo8Cell.swift */; };
		00823659237CF86A003A5D53 /* HomeCollectionViewCellTableViewCell.swift in Sources */ = {isa = PBXBuildFile; fileRef = 00823658237CF86A003A5D53 /* HomeCollectionViewCellTableViewCell.swift */; };
		0082365B237CFF11003A5D53 /* demo8ViewControl.swift in Sources */ = {isa = PBXBuildFile; fileRef = 0082365A237CFF11003A5D53 /* demo8ViewControl.swift */; };
		0082365D237CFF1B003A5D53 /* demo9ViewControl.swift in Sources */ = {isa = PBXBuildFile; fileRef = 0082365C237CFF1B003A5D53 /* demo9ViewControl.swift */; };
		0082365F237CFF20003A5D53 /* demo10ViewControl.swift in Sources */ = {isa = PBXBuildFile; fileRef = 0082365E237CFF20003A5D53 /* demo10ViewControl.swift */; };
		008620DD2374193900C60983 /* UIColor+Extension.swift in Sources */ = {isa = PBXBuildFile; fileRef = 008620DC2374193900C60983 /* UIColor+Extension.swift */; };
		008620DF23741CD400C60983 /* UIView+Extension.swift in Sources */ = {isa = PBXBuildFile; fileRef = 008620DE23741CD400C60983 /* UIView+Extension.swift */; };
		008620E123742C9D00C60983 /* HomeFunctionCell.swift in Sources */ = {isa = PBXBuildFile; fileRef = 008620E023742C9D00C60983 /* HomeFunctionCell.swift */; };
		008620E3237546AD00C60983 /* WaterfallFlowLayout.swift in Sources */ = {isa = PBXBuildFile; fileRef = 008620E2237546AD00C60983 /* WaterfallFlowLayout.swift */; };
		008AA54623697D900025A7A2 /* demo3Model.swift in Sources */ = {isa = PBXBuildFile; fileRef = 008AA54523697D900025A7A2 /* demo3Model.swift */; };
		00BAE70F2302D46200C4974B /* demo2ViewControl.swift in Sources */ = {isa = PBXBuildFile; fileRef = 00BAE70E2302D46200C4974B /* demo2ViewControl.swift */; };
		00BAE7112302D46B00C4974B /* demo3ViewControl.swift in Sources */ = {isa = PBXBuildFile; fileRef = 00BAE7102302D46B00C4974B /* demo3ViewControl.swift */; };
		00BAE7132302D47300C4974B /* demo4ViewControl.swift in Sources */ = {isa = PBXBuildFile; fileRef = 00BAE7122302D47300C4974B /* demo4ViewControl.swift */; };
		00BAE7152302D47C00C4974B /* demo5ViewControl.swift in Sources */ = {isa = PBXBuildFile; fileRef = 00BAE7142302D47C00C4974B /* demo5ViewControl.swift */; };
		00BAE7172302D48400C4974B /* demo6ViewControl.swift in Sources */ = {isa = PBXBuildFile; fileRef = 00BAE7162302D48400C4974B /* demo6ViewControl.swift */; };
		00BAE7192302D6C800C4974B /* demo7ViewControl.swift in Sources */ = {isa = PBXBuildFile; fileRef = 00BAE7182302D6C800C4974B /* demo7ViewControl.swift */; };
		00DA8AD123A223FA0022F164 /* data.json in Resources */ = {isa = PBXBuildFile; fileRef = 00DA8AD023A223FA0022F164 /* data.json */; };
		7D77B2F744EB0E345B655DAE /* Pods_project.framework in Frameworks */ = {isa = PBXBuildFile; fileRef = 3BE9774265C565D5745FF7AE /* Pods_project.framework */; };
/* End PBXBuildFile section */

/* Begin PBXFileReference section */
		00002802236843FA005A5F6C /* DemoNavigationController.swift */ = {isa = PBXFileReference; lastKnownFileType = sourcecode.swift; path = DemoNavigationController.swift; sourceTree = "<group>"; };
		0000280A23684652005A5F6C /* Global.swift */ = {isa = PBXFileReference; lastKnownFileType = sourcecode.swift; path = Global.swift; sourceTree = "<group>"; };
		0000280C236848DC005A5F6C /* demo3TableViewCell.swift */ = {isa = PBXFileReference; lastKnownFileType = sourcecode.swift; path = demo3TableViewCell.swift; sourceTree = "<group>"; };
		0000280F236859EE005A5F6C /* HomeApi.swift */ = {isa = PBXFileReference; lastKnownFileType = sourcecode.swift; path = HomeApi.swift; sourceTree = "<group>"; };
		0000281123685D64005A5F6C /* haohaozhuCollectionCell.swift */ = {isa = PBXFileReference; lastKnownFileType = sourcecode.swift; path = haohaozhuCollectionCell.swift; sourceTree = "<group>"; };
		0005B11B2301811C00D15AAE /* project.app */ = {isa = PBXFileReference; explicitFileType = wrapper.application; includeInIndex = 0; path = project.app; sourceTree = BUILT_PRODUCTS_DIR; };
		0005B11E2301811C00D15AAE /* AppDelegate.swift */ = {isa = PBXFileReference; lastKnownFileType = sourcecode.swift; path = AppDelegate.swift; sourceTree = "<group>"; };
		0005B1202301811C00D15AAE /* ViewController.swift */ = {isa = PBXFileReference; lastKnownFileType = sourcecode.swift; path = ViewController.swift; sourceTree = "<group>"; };
		0005B1232301811C00D15AAE /* Base */ = {isa = PBXFileReference; lastKnownFileType = file.storyboard; name = Base; path = Base.lproj/Main.storyboard; sourceTree = "<group>"; };
		0005B1252301811D00D15AAE /* Assets.xcassets */ = {isa = PBXFileReference; lastKnownFileType = folder.assetcatalog; path = Assets.xcassets; sourceTree = "<group>"; };
		0005B1282301811D00D15AAE /* Base */ = {isa = PBXFileReference; lastKnownFileType = file.storyboard; name = Base; path = Base.lproj/LaunchScreen.storyboard; sourceTree = "<group>"; };
		0005B12A2301811D00D15AAE /* Info.plist */ = {isa = PBXFileReference; lastKnownFileType = text.plist.xml; path = Info.plist; sourceTree = "<group>"; };
		0005B131230183ED00D15AAE /* Const.swift */ = {isa = PBXFileReference; lastKnownFileType = sourcecode.swift; path = Const.swift; sourceTree = "<group>"; };
		0005B13423018FBC00D15AAE /* demo1ViewControl.swift */ = {isa = PBXFileReference; lastKnownFileType = sourcecode.swift; path = demo1ViewControl.swift; sourceTree = "<group>"; };
		000D154023C4656000D989F4 /* HomeApiModel.swift */ = {isa = PBXFileReference; lastKnownFileType = sourcecode.swift; path = HomeApiModel.swift; sourceTree = "<group>"; };
		000D154223C4687200D989F4 /* NSData+Extension.swift */ = {isa = PBXFileReference; lastKnownFileType = sourcecode.swift; path = "NSData+Extension.swift"; sourceTree = "<group>"; };
		000D154923C579B600D989F4 /* Moya+Extension.swift */ = {isa = PBXFileReference; lastKnownFileType = sourcecode.swift; path = "Moya+Extension.swift"; sourceTree = "<group>"; };
		00139B0F2375710D005B0BF0 /* HomeBannerCell.swift */ = {isa = PBXFileReference; lastKnownFileType = sourcecode.swift; path = HomeBannerCell.swift; sourceTree = "<group>"; };
		00139B1123757676005B0BF0 /* HomeThreeButtonCell.swift */ = {isa = PBXFileReference; lastKnownFileType = sourcecode.swift; path = HomeThreeButtonCell.swift; sourceTree = "<group>"; };
		00227B25239E384F001C85F8 /* demo11ViewControl.swift */ = {isa = PBXFileReference; lastKnownFileType = sourcecode.swift; path = demo11ViewControl.swift; sourceTree = "<group>"; };
		00227B27239E3858001C85F8 /* demo12ViewControl.swift */ = {isa = PBXFileReference; lastKnownFileType = sourcecode.swift; path = demo12ViewControl.swift; sourceTree = "<group>"; };
		00227B29239E3866001C85F8 /* demo13ViewControl.swift */ = {isa = PBXFileReference; lastKnownFileType = sourcecode.swift; path = demo13ViewControl.swift; sourceTree = "<group>"; };
		00227B2B239E3870001C85F8 /* demo14ViewControl.swift */ = {isa = PBXFileReference; lastKnownFileType = sourcecode.swift; path = demo14ViewControl.swift; sourceTree = "<group>"; };
		0037AEBC23B4AF87000EDB20 /* demo15ViewControl.swift */ = {isa = PBXFileReference; lastKnownFileType = sourcecode.swift; path = demo15ViewControl.swift; sourceTree = "<group>"; };
		0037AEBE23B4AF95000EDB20 /* demo16ViewControl.swift */ = {isa = PBXFileReference; lastKnownFileType = sourcecode.swift; path = demo16ViewControl.swift; sourceTree = "<group>"; };
		0037AEC023B4AFA1000EDB20 /* demo17ViewControl.swift */ = {isa = PBXFileReference; lastKnownFileType = sourcecode.swift; path = demo17ViewControl.swift; sourceTree = "<group>"; };
		0037AEC223B4AFAC000EDB20 /* demo18ViewControl.swift */ = {isa = PBXFileReference; lastKnownFileType = sourcecode.swift; path = demo18ViewControl.swift; sourceTree = "<group>"; };
		0037AEC423B4AFC2000EDB20 /* demo19ViewControl.swift */ = {isa = PBXFileReference; lastKnownFileType = sourcecode.swift; path = demo19ViewControl.swift; sourceTree = "<group>"; };
		0037AEC623B4AFCD000EDB20 /* demo20ViewControl.swift */ = {isa = PBXFileReference; lastKnownFileType = sourcecode.swift; path = demo20ViewControl.swift; sourceTree = "<group>"; };
		005E07062383FD7200C68C10 /* Demo8Cell.swift */ = {isa = PBXFileReference; lastKnownFileType = sourcecode.swift; path = Demo8Cell.swift; sourceTree = "<group>"; };
		00823658237CF86A003A5D53 /* HomeCollectionViewCellTableViewCell.swift */ = {isa = PBXFileReference; lastKnownFileType = sourcecode.swift; path = HomeCollectionViewCellTableViewCell.swift; sourceTree = "<group>"; };
		0082365A237CFF11003A5D53 /* demo8ViewControl.swift */ = {isa = PBXFileReference; lastKnownFileType = sourcecode.swift; path = demo8ViewControl.swift; sourceTree = "<group>"; };
		0082365C237CFF1B003A5D53 /* demo9ViewControl.swift */ = {isa = PBXFileReference; lastKnownFileType = sourcecode.swift; path = demo9ViewControl.swift; sourceTree = "<group>"; };
		0082365E237CFF20003A5D53 /* demo10ViewControl.swift */ = {isa = PBXFileReference; lastKnownFileType = sourcecode.swift; path = demo10ViewControl.swift; sourceTree = "<group>"; };
		008620DC2374193900C60983 /* UIColor+Extension.swift */ = {isa = PBXFileReference; lastKnownFileType = sourcecode.swift; path = "UIColor+Extension.swift"; sourceTree = "<group>"; };
		008620DE23741CD400C60983 /* UIView+Extension.swift */ = {isa = PBXFileReference; lastKnownFileType = sourcecode.swift; path = "UIView+Extension.swift"; sourceTree = "<group>"; };
		008620E023742C9D00C60983 /* HomeFunctionCell.swift */ = {isa = PBXFileReference; lastKnownFileType = sourcecode.swift; path = HomeFunctionCell.swift; sourceTree = "<group>"; };
		008620E2237546AD00C60983 /* WaterfallFlowLayout.swift */ = {isa = PBXFileReference; lastKnownFileType = sourcecode.swift; path = WaterfallFlowLayout.swift; sourceTree = "<group>"; };
		008AA54523697D900025A7A2 /* demo3Model.swift */ = {isa = PBXFileReference; lastKnownFileType = sourcecode.swift; path = demo3Model.swift; sourceTree = "<group>"; };
		00BAE70E2302D46200C4974B /* demo2ViewControl.swift */ = {isa = PBXFileReference; lastKnownFileType = sourcecode.swift; path = demo2ViewControl.swift; sourceTree = "<group>"; };
		00BAE7102302D46B00C4974B /* demo3ViewControl.swift */ = {isa = PBXFileReference; lastKnownFileType = sourcecode.swift; path = demo3ViewControl.swift; sourceTree = "<group>"; };
		00BAE7122302D47300C4974B /* demo4ViewControl.swift */ = {isa = PBXFileReference; lastKnownFileType = sourcecode.swift; path = demo4ViewControl.swift; sourceTree = "<group>"; };
		00BAE7142302D47C00C4974B /* demo5ViewControl.swift */ = {isa = PBXFileReference; lastKnownFileType = sourcecode.swift; path = demo5ViewControl.swift; sourceTree = "<group>"; };
		00BAE7162302D48400C4974B /* demo6ViewControl.swift */ = {isa = PBXFileReference; lastKnownFileType = sourcecode.swift; path = demo6ViewControl.swift; sourceTree = "<group>"; };
		00BAE7182302D6C800C4974B /* demo7ViewControl.swift */ = {isa = PBXFileReference; lastKnownFileType = sourcecode.swift; path = demo7ViewControl.swift; sourceTree = "<group>"; };
		00DA8AD023A223FA0022F164 /* data.json */ = {isa = PBXFileReference; fileEncoding = 4; lastKnownFileType = text.json; path = data.json; sourceTree = "<group>"; };
		0EC5BCE17162633AB17A4CEE /* Pods-project.release.xcconfig */ = {isa = PBXFileReference; includeInIndex = 1; lastKnownFileType = text.xcconfig; name = "Pods-project.release.xcconfig"; path = "Target Support Files/Pods-project/Pods-project.release.xcconfig"; sourceTree = "<group>"; };
		3BE9774265C565D5745FF7AE /* Pods_project.framework */ = {isa = PBXFileReference; explicitFileType = wrapper.framework; includeInIndex = 0; path = Pods_project.framework; sourceTree = BUILT_PRODUCTS_DIR; };
		DE56226E9A2FAF98371C693A /* Pods-project.debug.xcconfig */ = {isa = PBXFileReference; includeInIndex = 1; lastKnownFileType = text.xcconfig; name = "Pods-project.debug.xcconfig"; path = "Target Support Files/Pods-project/Pods-project.debug.xcconfig"; sourceTree = "<group>"; };
/* End PBXFileReference section */

/* Begin PBXFrameworksBuildPhase section */
		0005B1182301811C00D15AAE /* Frameworks */ = {
			isa = PBXFrameworksBuildPhase;
			buildActionMask = 2147483647;
			files = (
				7D77B2F744EB0E345B655DAE /* Pods_project.framework in Frameworks */,
			);
			runOnlyForDeploymentPostprocessing = 0;
		};
/* End PBXFrameworksBuildPhase section */

/* Begin PBXGroup section */
		00002804236845C7005A5F6C /* Unite */ = {
			isa = PBXGroup;
			children = (
				0000280E236859E8005A5F6C /* Api */,
				0000280723684616005A5F6C /* Category */,
				0000280623684616005A5F6C /* Model */,
				0000280823684616005A5F6C /* Tool */,
				0000280923684616005A5F6C /* View */,
			);
			path = Unite;
			sourceTree = "<group>";
		};
		0000280623684616005A5F6C /* Model */ = {
			isa = PBXGroup;
			children = (
				008AA54523697D900025A7A2 /* demo3Model.swift */,
			);
			path = Model;
			sourceTree = "<group>";
		};
		0000280723684616005A5F6C /* Category */ = {
			isa = PBXGroup;
			children = (
				008620DC2374193900C60983 /* UIColor+Extension.swift */,
				008620DE23741CD400C60983 /* UIView+Extension.swift */,
				000D154223C4687200D989F4 /* NSData+Extension.swift */,
				000D154923C579B600D989F4 /* Moya+Extension.swift */,
			);
			path = Category;
			sourceTree = "<group>";
		};
		0000280823684616005A5F6C /* Tool */ = {
			isa = PBXGroup;
			children = (
				0000280A23684652005A5F6C /* Global.swift */,
			);
			path = Tool;
			sourceTree = "<group>";
		};
		0000280923684616005A5F6C /* View */ = {
			isa = PBXGroup;
			children = (
				0000280C236848DC005A5F6C /* demo3TableViewCell.swift */,
				0000281123685D64005A5F6C /* haohaozhuCollectionCell.swift */,
				008620E023742C9D00C60983 /* HomeFunctionCell.swift */,
				008620E2237546AD00C60983 /* WaterfallFlowLayout.swift */,
				00139B0F2375710D005B0BF0 /* HomeBannerCell.swift */,
				00139B1123757676005B0BF0 /* HomeThreeButtonCell.swift */,
				00823658237CF86A003A5D53 /* HomeCollectionViewCellTableViewCell.swift */,
				005E07062383FD7200C68C10 /* Demo8Cell.swift */,
			);
			path = View;
			sourceTree = "<group>";
		};
		0000280E236859E8005A5F6C /* Api */ = {
			isa = PBXGroup;
			children = (
				00DA8AD023A223FA0022F164 /* data.json */,
				0000280F236859EE005A5F6C /* HomeApi.swift */,
				000D154023C4656000D989F4 /* HomeApiModel.swift */,
			);
			path = Api;
			sourceTree = "<group>";
		};
		0005B1122301811C00D15AAE = {
			isa = PBXGroup;
			children = (
				0005B11D2301811C00D15AAE /* project */,
				0005B11C2301811C00D15AAE /* Products */,
				940171F2B7DB7FB2A2D76883 /* Pods */,
				A930F463FC22DE522EA4D521 /* Frameworks */,
			);
			sourceTree = "<group>";
		};
		0005B11C2301811C00D15AAE /* Products */ = {
			isa = PBXGroup;
			children = (
				0005B11B2301811C00D15AAE /* project.app */,
			);
			name = Products;
			sourceTree = "<group>";
		};
		0005B11D2301811C00D15AAE /* project */ = {
			isa = PBXGroup;
			children = (
				00002804236845C7005A5F6C /* Unite */,
				0005B13323018FAE00D15AAE /* demo */,
				0005B11E2301811C00D15AAE /* AppDelegate.swift */,
				0005B1202301811C00D15AAE /* ViewController.swift */,
				0005B1222301811C00D15AAE /* Main.storyboard */,
				0005B1252301811D00D15AAE /* Assets.xcassets */,
				0005B1272301811D00D15AAE /* LaunchScreen.storyboard */,
				0005B12A2301811D00D15AAE /* Info.plist */,
				0005B131230183ED00D15AAE /* Const.swift */,
			);
			path = project;
			sourceTree = "<group>";
		};
		0005B13323018FAE00D15AAE /* demo */ = {
			isa = PBXGroup;
			children = (
				0005B13423018FBC00D15AAE /* demo1ViewControl.swift */,
				00BAE70E2302D46200C4974B /* demo2ViewControl.swift */,
				00BAE7102302D46B00C4974B /* demo3ViewControl.swift */,
				00BAE7122302D47300C4974B /* demo4ViewControl.swift */,
				00BAE7142302D47C00C4974B /* demo5ViewControl.swift */,
				00BAE7162302D48400C4974B /* demo6ViewControl.swift */,
				00BAE7182302D6C800C4974B /* demo7ViewControl.swift */,
				0082365A237CFF11003A5D53 /* demo8ViewControl.swift */,
				0082365C237CFF1B003A5D53 /* demo9ViewControl.swift */,
				0082365E237CFF20003A5D53 /* demo10ViewControl.swift */,
				00227B25239E384F001C85F8 /* demo11ViewControl.swift */,
				00227B27239E3858001C85F8 /* demo12ViewControl.swift */,
				00227B29239E3866001C85F8 /* demo13ViewControl.swift */,
				00227B2B239E3870001C85F8 /* demo14ViewControl.swift */,
				0037AEBC23B4AF87000EDB20 /* demo15ViewControl.swift */,
				0037AEBE23B4AF95000EDB20 /* demo16ViewControl.swift */,
				0037AEC023B4AFA1000EDB20 /* demo17ViewControl.swift */,
				0037AEC223B4AFAC000EDB20 /* demo18ViewControl.swift */,
				0037AEC423B4AFC2000EDB20 /* demo19ViewControl.swift */,
				0037AEC623B4AFCD000EDB20 /* demo20ViewControl.swift */,
				00002802236843FA005A5F6C /* DemoNavigationController.swift */,
			);
			path = demo;
			sourceTree = "<group>";
		};
		940171F2B7DB7FB2A2D76883 /* Pods */ = {
			isa = PBXGroup;
			children = (
				DE56226E9A2FAF98371C693A /* Pods-project.debug.xcconfig */,
				0EC5BCE17162633AB17A4CEE /* Pods-project.release.xcconfig */,
			);
			path = Pods;
			sourceTree = "<group>";
		};
		A930F463FC22DE522EA4D521 /* Frameworks */ = {
			isa = PBXGroup;
			children = (
				3BE9774265C565D5745FF7AE /* Pods_project.framework */,
			);
			name = Frameworks;
			sourceTree = "<group>";
		};
/* End PBXGroup section */

/* Begin PBXNativeTarget section */
		0005B11A2301811C00D15AAE /* project */ = {
			isa = PBXNativeTarget;
			buildConfigurationList = 0005B12D2301811D00D15AAE /* Build configuration list for PBXNativeTarget "project" */;
			buildPhases = (
				EE3C48BC1FCBE5110284FE8B /* [CP] Check Pods Manifest.lock */,
				0005B1172301811C00D15AAE /* Sources */,
				0005B1182301811C00D15AAE /* Frameworks */,
				0005B1192301811C00D15AAE /* Resources */,
				21E75CADDA4265446B2454A7 /* [CP] Embed Pods Frameworks */,
			);
			buildRules = (
			);
			dependencies = (
			);
			name = project;
			productName = project;
			productReference = 0005B11B2301811C00D15AAE /* project.app */;
			productType = "com.apple.product-type.application";
		};
/* End PBXNativeTarget section */

/* Begin PBXProject section */
		0005B1132301811C00D15AAE /* Project object */ = {
			isa = PBXProject;
			attributes = {
				LastSwiftUpdateCheck = 1020;
				LastUpgradeCheck = 1020;
				ORGANIZATIONNAME = edz;
				TargetAttributes = {
					0005B11A2301811C00D15AAE = {
						CreatedOnToolsVersion = 10.2.1;
					};
				};
			};
			buildConfigurationList = 0005B1162301811C00D15AAE /* Build configuration list for PBXProject "project" */;
			compatibilityVersion = "Xcode 9.3";
			developmentRegion = en;
			hasScannedForEncodings = 0;
			knownRegions = (
				en,
				Base,
			);
			mainGroup = 0005B1122301811C00D15AAE;
			productRefGroup = 0005B11C2301811C00D15AAE /* Products */;
			projectDirPath = "";
			projectRoot = "";
			targets = (
				0005B11A2301811C00D15AAE /* project */,
			);
		};
/* End PBXProject section */

/* Begin PBXResourcesBuildPhase section */
		0005B1192301811C00D15AAE /* Resources */ = {
			isa = PBXResourcesBuildPhase;
			buildActionMask = 2147483647;
			files = (
				0005B1292301811D00D15AAE /* LaunchScreen.storyboard in Resources */,
				0005B1262301811D00D15AAE /* Assets.xcassets in Resources */,
				0005B1242301811C00D15AAE /* Main.storyboard in Resources */,
				00DA8AD123A223FA0022F164 /* data.json in Resources */,
			);
			runOnlyForDeploymentPostprocessing = 0;
		};
/* End PBXResourcesBuildPhase section */

/* Begin PBXShellScriptBuildPhase section */
		21E75CADDA4265446B2454A7 /* [CP] Embed Pods Frameworks */ = {
			isa = PBXShellScriptBuildPhase;
			buildActionMask = 2147483647;
			files = (
			);
			inputFileListPaths = (
				"${PODS_ROOT}/Target Support Files/Pods-project/Pods-project-frameworks-${CONFIGURATION}-input-files.xcfilelist",
			);
			name = "[CP] Embed Pods Frameworks";
			outputFileListPaths = (
				"${PODS_ROOT}/Target Support Files/Pods-project/Pods-project-frameworks-${CONFIGURATION}-output-files.xcfilelist",
			);
			runOnlyForDeploymentPostprocessing = 0;
			shellPath = /bin/sh;
			shellScript = "\"${PODS_ROOT}/Target Support Files/Pods-project/Pods-project-frameworks.sh\"\n";
			showEnvVarsInLog = 0;
		};
		EE3C48BC1FCBE5110284FE8B /* [CP] Check Pods Manifest.lock */ = {
			isa = PBXShellScriptBuildPhase;
			buildActionMask = 2147483647;
			files = (
			);
			inputFileListPaths = (
			);
			inputPaths = (
				"${PODS_PODFILE_DIR_PATH}/Podfile.lock",
				"${PODS_ROOT}/Manifest.lock",
			);
			name = "[CP] Check Pods Manifest.lock";
			outputFileListPaths = (
			);
			outputPaths = (
				"$(DERIVED_FILE_DIR)/Pods-project-checkManifestLockResult.txt",
			);
			runOnlyForDeploymentPostprocessing = 0;
			shellPath = /bin/sh;
			shellScript = "diff \"${PODS_PODFILE_DIR_PATH}/Podfile.lock\" \"${PODS_ROOT}/Manifest.lock\" > /dev/null\nif [ $? != 0 ] ; then\n    # print error to STDERR\n    echo \"error: The sandbox is not in sync with the Podfile.lock. Run 'pod install' or update your CocoaPods installation.\" >&2\n    exit 1\nfi\n# This output is used by Xcode 'outputs' to avoid re-running this script phase.\necho \"SUCCESS\" > \"${SCRIPT_OUTPUT_FILE_0}\"\n";
			showEnvVarsInLog = 0;
		};
/* End PBXShellScriptBuildPhase section */

/* Begin PBXSourcesBuildPhase section */
		0005B1172301811C00D15AAE /* Sources */ = {
			isa = PBXSourcesBuildPhase;
			buildActionMask = 2147483647;
			files = (
				0005B1212301811C00D15AAE /* ViewController.swift in Sources */,
				00BAE7112302D46B00C4974B /* demo3ViewControl.swift in Sources */,
				0037AEBF23B4AF95000EDB20 /* demo16ViewControl.swift in Sources */,
				0005B11F2301811C00D15AAE /* AppDelegate.swift in Sources */,
				00BAE70F2302D46200C4974B /* demo2ViewControl.swift in Sources */,
				008620DD2374193900C60983 /* UIColor+Extension.swift in Sources */,
				00823659237CF86A003A5D53 /* HomeCollectionViewCellTableViewCell.swift in Sources */,
				008AA54623697D900025A7A2 /* demo3Model.swift in Sources */,
				0005B132230183ED00D15AAE /* Const.swift in Sources */,
				00139B1223757676005B0BF0 /* HomeThreeButtonCell.swift in Sources */,
				00227B26239E384F001C85F8 /* demo11ViewControl.swift in Sources */,
				00227B28239E3858001C85F8 /* demo12ViewControl.swift in Sources */,
				00227B2A239E3866001C85F8 /* demo13ViewControl.swift in Sources */,
				000D154A23C579B600D989F4 /* Moya+Extension.swift in Sources */,
				000D154123C4656000D989F4 /* HomeApiModel.swift in Sources */,
				0082365D237CFF1B003A5D53 /* demo9ViewControl.swift in Sources */,
				000D154323C4687200D989F4 /* NSData+Extension.swift in Sources */,
				00BAE7192302D6C800C4974B /* demo7ViewControl.swift in Sources */,
				0037AEC123B4AFA1000EDB20 /* demo17ViewControl.swift in Sources */,
				0082365B237CFF11003A5D53 /* demo8ViewControl.swift in Sources */,
				00BAE7132302D47300C4974B /* demo4ViewControl.swift in Sources */,
				008620E123742C9D00C60983 /* HomeFunctionCell.swift in Sources */,
				00BAE7172302D48400C4974B /* demo6ViewControl.swift in Sources */,
				0000280B23684652005A5F6C /* Global.swift in Sources */,
				0037AEC723B4AFCD000EDB20 /* demo20ViewControl.swift in Sources */,
				0037AEC523B4AFC2000EDB20 /* demo19ViewControl.swift in Sources */,
				005E07072383FD7200C68C10 /* Demo8Cell.swift in Sources */,
				0000281223685D64005A5F6C /* haohaozhuCollectionCell.swift in Sources */,
				008620DF23741CD400C60983 /* UIView+Extension.swift in Sources */,
				0005B13523018FBC00D15AAE /* demo1ViewControl.swift in Sources */,
				0000280D236848DC005A5F6C /* demo3TableViewCell.swift in Sources */,
				00139B102375710D005B0BF0 /* HomeBannerCell.swift in Sources */,
				0037AEBD23B4AF87000EDB20 /* demo15ViewControl.swift in Sources */,
				008620E3237546AD00C60983 /* WaterfallFlowLayout.swift in Sources */,
				00BAE7152302D47C00C4974B /* demo5ViewControl.swift in Sources */,
				0082365F237CFF20003A5D53 /* demo10ViewControl.swift in Sources */,
				00002803236843FA005A5F6C /* DemoNavigationController.swift in Sources */,
				0037AEC323B4AFAC000EDB20 /* demo18ViewControl.swift in Sources */,
				00227B2C239E3870001C85F8 /* demo14ViewControl.swift in Sources */,
				00002810236859EE005A5F6C /* HomeApi.swift in Sources */,
			);
			runOnlyForDeploymentPostprocessing = 0;
		};
/* End PBXSourcesBuildPhase section */

/* Begin PBXVariantGroup section */
		0005B1222301811C00D15AAE /* Main.storyboard */ = {
			isa = PBXVariantGroup;
			children = (
				0005B1232301811C00D15AAE /* Base */,
			);
			name = Main.storyboard;
			sourceTree = "<group>";
		};
		0005B1272301811D00D15AAE /* LaunchScreen.storyboard */ = {
			isa = PBXVariantGroup;
			children = (
				0005B1282301811D00D15AAE /* Base */,
			);
			name = LaunchScreen.storyboard;
			sourceTree = "<group>";
		};
/* End PBXVariantGroup section */

/* Begin XCBuildConfiguration section */
		0005B12B2301811D00D15AAE /* Debug */ = {
			isa = XCBuildConfiguration;
			buildSettings = {
				ALWAYS_SEARCH_USER_PATHS = NO;
				CLANG_ANALYZER_NONNULL = YES;
				CLANG_ANALYZER_NUMBER_OBJECT_CONVERSION = YES_AGGRESSIVE;
				CLANG_CXX_LANGUAGE_STANDARD = "gnu++14";
				CLANG_CXX_LIBRARY = "libc++";
				CLANG_ENABLE_MODULES = YES;
				CLANG_ENABLE_OBJC_ARC = YES;
				CLANG_ENABLE_OBJC_WEAK = YES;
				CLANG_WARN_BLOCK_CAPTURE_AUTORELEASING = YES;
				CLANG_WARN_BOOL_CONVERSION = YES;
				CLANG_WARN_COMMA = YES;
				CLANG_WARN_CONSTANT_CONVERSION = YES;
				CLANG_WARN_DEPRECATED_OBJC_IMPLEMENTATIONS = YES;
				CLANG_WARN_DIRECT_OBJC_ISA_USAGE = YES_ERROR;
				CLANG_WARN_DOCUMENTATION_COMMENTS = YES;
				CLANG_WARN_EMPTY_BODY = YES;
				CLANG_WARN_ENUM_CONVERSION = YES;
				CLANG_WARN_INFINITE_RECURSION = YES;
				CLANG_WARN_INT_CONVERSION = YES;
				CLANG_WARN_NON_LITERAL_NULL_CONVERSION = YES;
				CLANG_WARN_OBJC_IMPLICIT_RETAIN_SELF = YES;
				CLANG_WARN_OBJC_LITERAL_CONVERSION = YES;
				CLANG_WARN_OBJC_ROOT_CLASS = YES_ERROR;
				CLANG_WARN_RANGE_LOOP_ANALYSIS = YES;
				CLANG_WARN_STRICT_PROTOTYPES = YES;
				CLANG_WARN_SUSPICIOUS_MOVE = YES;
				CLANG_WARN_UNGUARDED_AVAILABILITY = YES_AGGRESSIVE;
				CLANG_WARN_UNREACHABLE_CODE = YES;
				CLANG_WARN__DUPLICATE_METHOD_MATCH = YES;
				CODE_SIGN_IDENTITY = "iPhone Developer";
				COPY_PHASE_STRIP = NO;
				DEBUG_INFORMATION_FORMAT = dwarf;
				ENABLE_STRICT_OBJC_MSGSEND = YES;
				ENABLE_TESTABILITY = YES;
				GCC_C_LANGUAGE_STANDARD = gnu11;
				GCC_DYNAMIC_NO_PIC = NO;
				GCC_NO_COMMON_BLOCKS = YES;
				GCC_OPTIMIZATION_LEVEL = 0;
				GCC_PREPROCESSOR_DEFINITIONS = (
					"DEBUG=1",
					"$(inherited)",
				);
				GCC_WARN_64_TO_32_BIT_CONVERSION = YES;
				GCC_WARN_ABOUT_RETURN_TYPE = YES_ERROR;
				GCC_WARN_UNDECLARED_SELECTOR = YES;
				GCC_WARN_UNINITIALIZED_AUTOS = YES_AGGRESSIVE;
				GCC_WARN_UNUSED_FUNCTION = YES;
				GCC_WARN_UNUSED_VARIABLE = YES;
				IPHONEOS_DEPLOYMENT_TARGET = 12.2;
				MTL_ENABLE_DEBUG_INFO = INCLUDE_SOURCE;
				MTL_FAST_MATH = YES;
				ONLY_ACTIVE_ARCH = YES;
				SDKROOT = iphoneos;
				SWIFT_ACTIVE_COMPILATION_CONDITIONS = DEBUG;
				SWIFT_OPTIMIZATION_LEVEL = "-Onone";
			};
			name = Debug;
		};
		0005B12C2301811D00D15AAE /* Release */ = {
			isa = XCBuildConfiguration;
			buildSettings = {
				ALWAYS_SEARCH_USER_PATHS = NO;
				CLANG_ANALYZER_NONNULL = YES;
				CLANG_ANALYZER_NUMBER_OBJECT_CONVERSION = YES_AGGRESSIVE;
				CLANG_CXX_LANGUAGE_STANDARD = "gnu++14";
				CLANG_CXX_LIBRARY = "libc++";
				CLANG_ENABLE_MODULES = YES;
				CLANG_ENABLE_OBJC_ARC = YES;
				CLANG_ENABLE_OBJC_WEAK = YES;
				CLANG_WARN_BLOCK_CAPTURE_AUTORELEASING = YES;
				CLANG_WARN_BOOL_CONVERSION = YES;
				CLANG_WARN_COMMA = YES;
				CLANG_WARN_CONSTANT_CONVERSION = YES;
				CLANG_WARN_DEPRECATED_OBJC_IMPLEMENTATIONS = YES;
				CLANG_WARN_DIRECT_OBJC_ISA_USAGE = YES_ERROR;
				CLANG_WARN_DOCUMENTATION_COMMENTS = YES;
				CLANG_WARN_EMPTY_BODY = YES;
				CLANG_WARN_ENUM_CONVERSION = YES;
				CLANG_WARN_INFINITE_RECURSION = YES;
				CLANG_WARN_INT_CONVERSION = YES;
				CLANG_WARN_NON_LITERAL_NULL_CONVERSION = YES;
				CLANG_WARN_OBJC_IMPLICIT_RETAIN_SELF = YES;
				CLANG_WARN_OBJC_LITERAL_CONVERSION = YES;
				CLANG_WARN_OBJC_ROOT_CLASS = YES_ERROR;
				CLANG_WARN_RANGE_LOOP_ANALYSIS = YES;
				CLANG_WARN_STRICT_PROTOTYPES = YES;
				CLANG_WARN_SUSPICIOUS_MOVE = YES;
				CLANG_WARN_UNGUARDED_AVAILABILITY = YES_AGGRESSIVE;
				CLANG_WARN_UNREACHABLE_CODE = YES;
				CLANG_WARN__DUPLICATE_METHOD_MATCH = YES;
				CODE_SIGN_IDENTITY = "iPhone Developer";
				COPY_PHASE_STRIP = NO;
				DEBUG_INFORMATION_FORMAT = "dwarf-with-dsym";
				ENABLE_NS_ASSERTIONS = NO;
				ENABLE_STRICT_OBJC_MSGSEND = YES;
				GCC_C_LANGUAGE_STANDARD = gnu11;
				GCC_NO_COMMON_BLOCKS = YES;
				GCC_WARN_64_TO_32_BIT_CONVERSION = YES;
				GCC_WARN_ABOUT_RETURN_TYPE = YES_ERROR;
				GCC_WARN_UNDECLARED_SELECTOR = YES;
				GCC_WARN_UNINITIALIZED_AUTOS = YES_AGGRESSIVE;
				GCC_WARN_UNUSED_FUNCTION = YES;
				GCC_WARN_UNUSED_VARIABLE = YES;
				IPHONEOS_DEPLOYMENT_TARGET = 12.2;
				MTL_ENABLE_DEBUG_INFO = NO;
				MTL_FAST_MATH = YES;
				SDKROOT = iphoneos;
				SWIFT_COMPILATION_MODE = wholemodule;
				SWIFT_OPTIMIZATION_LEVEL = "-O";
				VALIDATE_PRODUCT = YES;
			};
			name = Release;
		};
		0005B12E2301811D00D15AAE /* Debug */ = {
			isa = XCBuildConfiguration;
			baseConfigurationReference = DE56226E9A2FAF98371C693A /* Pods-project.debug.xcconfig */;
			buildSettings = {
				ASSETCATALOG_COMPILER_APPICON_NAME = AppIcon;
				CODE_SIGN_STYLE = Automatic;
				INFOPLIST_FILE = project/Info.plist;
				IPHONEOS_DEPLOYMENT_TARGET = 13.2;
				LD_RUNPATH_SEARCH_PATHS = (
					"$(inherited)",
					"@executable_path/Frameworks",
				);
				PRODUCT_BUNDLE_IDENTIFIER = com.test.project;
				PRODUCT_NAME = "$(TARGET_NAME)";
				SWIFT_VERSION = 5.0;
				TARGETED_DEVICE_FAMILY = "1,2";
			};
			name = Debug;
		};
		0005B12F2301811D00D15AAE /* Release */ = {
			isa = XCBuildConfiguration;
			baseConfigurationReference = 0EC5BCE17162633AB17A4CEE /* Pods-project.release.xcconfig */;
			buildSettings = {
				ASSETCATALOG_COMPILER_APPICON_NAME = AppIcon;
				CODE_SIGN_STYLE = Automatic;
				INFOPLIST_FILE = project/Info.plist;
				IPHONEOS_DEPLOYMENT_TARGET = 13.2;
				LD_RUNPATH_SEARCH_PATHS = (
					"$(inherited)",
					"@executable_path/Frameworks",
				);
				PRODUCT_BUNDLE_IDENTIFIER = com.test.project;
				PRODUCT_NAME = "$(TARGET_NAME)";
				SWIFT_VERSION = 5.0;
				TARGETED_DEVICE_FAMILY = "1,2";
			};
			name = Release;
		};
/* End XCBuildConfiguration section */

/* Begin XCConfigurationList section */
		0005B1162301811C00D15AAE /* Build configuration list for PBXProject "project" */ = {
			isa = XCConfigurationList;
			buildConfigurations = (
				0005B12B2301811D00D15AAE /* Debug */,
				0005B12C2301811D00D15AAE /* Release */,
			);
			defaultConfigurationIsVisible = 0;
			defaultConfigurationName = Release;
		};
		0005B12D2301811D00D15AAE /* Build configuration list for PBXNativeTarget "project" */ = {
			isa = XCConfigurationList;
			buildConfigurations = (
				0005B12E2301811D00D15AAE /* Debug */,
				0005B12F2301811D00D15AAE /* Release */,
			);
			defaultConfigurationIsVisible = 0;
			defaultConfigurationName = Release;
		};
/* End XCConfigurationList section */
	};
	rootObject = 0005B1132301811C00D15AAE /* Project object */;
}
